
Microsoft Visual Studio Solution File, Format Version 12.00
# Visual Studio 2012
Project("{FAE04EC0-301F-11D3-BF4B-00C04F79EFBC}") = "Serie1PC", "Serie1PC\Serie1PC.csproj", "{DF7D3F1D-15A1-4770-B657-BCEBE531ACA6}"
EndProject
Project("{2150E333-8FDC-42A3-9474-1A3956D46DE8}") = ".nuget", ".nuget", "{EFD53032-7C9B-48A8-9469-9E1954911AD1}"
	ProjectSection(SolutionItems) = preProject
		.nuget\packages.config = .nuget\packages.config
	EndProjectSection
EndProject
Project("{FAE04EC0-301F-11D3-BF4B-00C04F79EFBC}") = "TestsSerie1Pc", "TestsSerie1Pc\TestsSerie1Pc.csproj", "{1B144621-DAEB-4CE2-A015-D886F16E8C7B}"
EndProject
Global
	GlobalSection(SolutionConfigurationPlatforms) = preSolution
		Debug|Any CPU = Debug|Any CPU
		Release|Any CPU = Release|Any CPU
	EndGlobalSection
	GlobalSection(ProjectConfigurationPlatforms) = postSolution
		{DF7D3F1D-15A1-4770-B657-BCEBE531ACA6}.Debug|Any CPU.ActiveCfg = Debug|Any CPU
		{DF7D3F1D-15A1-4770-B657-BCEBE531ACA6}.Debug|Any CPU.Build.0 = Debug|Any CPU
		{DF7D3F1D-15A1-4770-B657-BCEBE531ACA6}.Release|Any CPU.ActiveCfg = Release|Any CPU
		{DF7D3F1D-15A1-4770-B657-BCEBE531ACA6}.Release|Any CPU.Build.0 = Release|Any CPU
		{1B144621-DAEB-4CE2-A015-D886F16E8C7B}.Debug|Any CPU.ActiveCfg = Debug|Any CPU
		{1B144621-DAEB-4CE2-A015-D886F16E8C7B}.Debug|Any CPU.Build.0 = Debug|Any CPU
		{1B144621-DAEB-4CE2-A015-D886F16E8C7B}.Release|Any CPU.ActiveCfg = Release|Any CPU
		{1B144621-DAEB-4CE2-A015-D886F16E8C7B}.Release|Any CPU.Build.0 = Release|Any CPU
	EndGlobalSection
	GlobalSection(SolutionProperties) = preSolution
		HideSolutionNode = FALSE
	EndGlobalSection
EndGlobal
